
Microsoft Visual Studio Solution File, Format Version 12.00
# Visual Studio Version 17
VisualStudioVersion = 17.9.34728.123
MinimumVisualStudioVersion = 10.0.40219.1
Project("{2150E333-8FDC-42A3-9474-1A3956D46DE8}") = "src", "src", "{F7238AB1-C7AD-42A6-ABC3-97CD5D6C61A2}"
EndProject
Project("{2150E333-8FDC-42A3-9474-1A3956D46DE8}") = "ApiGateways", "ApiGateways", "{472A5549-1E9B-45E8-AD4B-67C8974910FF}"
EndProject
Project("{2150E333-8FDC-42A3-9474-1A3956D46DE8}") = "Order", "Order", "{6BF663E8-36B2-46DF-8571-723F9AC4EC4F}"
EndProject
Project("{2150E333-8FDC-42A3-9474-1A3956D46DE8}") = "Inventory", "Inventory", "{7CD296C7-A61C-4FA8-AD8A-5C7AA51BBED7}"
EndProject
Project("{2150E333-8FDC-42A3-9474-1A3956D46DE8}") = "Common", "Common", "{32FA1933-2D4B-44E1-9F2C-224EEBC901F7}"
EndProject
Project("{FAE04EC0-301F-11D3-BF4B-00C04F79EFBC}") = "Common", "Common\Common.csproj", "{7FD12750-1F7B-4715-B74E-13767108B1E2}"
EndProject
Project("{FAE04EC0-301F-11D3-BF4B-00C04F79EFBC}") = "Inventory.API", "Inventory.API\Inventory.API.csproj", "{DC56BA6A-664D-43D9-ACDC-3997FEC320D4}"
EndProject
Project("{FAE04EC0-301F-11D3-BF4B-00C04F79EFBC}") = "Order.API", "Order.API\Order.API.csproj", "{D933297E-A53A-4B0F-AE7B-966CE90623F3}"
EndProject
Project("{FAE04EC0-301F-11D3-BF4B-00C04F79EFBC}") = "Order.Data", "Order.Data\Order.Data.csproj", "{F9B4C222-386D-4A6E-B0B7-83720E60A5CD}"
EndProject
Project("{FAE04EC0-301F-11D3-BF4B-00C04F79EFBC}") = "Inventory.Data", "Inventory.Data\Inventory.Data.csproj", "{B00001DF-9264-4AF2-A6BD-8BBF49B2380E}"
EndProject
Project("{FAE04EC0-301F-11D3-BF4B-00C04F79EFBC}") = "OcelotApiGw", "OcelotApiGw\OcelotApiGw.csproj", "{F8177DEE-ED72-4EF6-A1D5-2F4DDF55F044}"
EndProject
Global
	GlobalSection(SolutionConfigurationPlatforms) = preSolution
		Debug|Any CPU = Debug|Any CPU
		Release|Any CPU = Release|Any CPU
	EndGlobalSection
	GlobalSection(ProjectConfigurationPlatforms) = postSolution
		{7FD12750-1F7B-4715-B74E-13767108B1E2}.Debug|Any CPU.ActiveCfg = Debug|Any CPU
		{7FD12750-1F7B-4715-B74E-13767108B1E2}.Debug|Any CPU.Build.0 = Debug|Any CPU
		{7FD12750-1F7B-4715-B74E-13767108B1E2}.Release|Any CPU.ActiveCfg = Release|Any CPU
		{7FD12750-1F7B-4715-B74E-13767108B1E2}.Release|Any CPU.Build.0 = Release|Any CPU
		{DC56BA6A-664D-43D9-ACDC-3997FEC320D4}.Debug|Any CPU.ActiveCfg = Debug|Any CPU
		{DC56BA6A-664D-43D9-ACDC-3997FEC320D4}.Debug|Any CPU.Build.0 = Debug|Any CPU
		{DC56BA6A-664D-43D9-ACDC-3997FEC320D4}.Release|Any CPU.ActiveCfg = Release|Any CPU
		{DC56BA6A-664D-43D9-ACDC-3997FEC320D4}.Release|Any CPU.Build.0 = Release|Any CPU
		{D933297E-A53A-4B0F-AE7B-966CE90623F3}.Debug|Any CPU.ActiveCfg = Debug|Any CPU
		{D933297E-A53A-4B0F-AE7B-966CE90623F3}.Debug|Any CPU.Build.0 = Debug|Any CPU
		{D933297E-A53A-4B0F-AE7B-966CE90623F3}.Release|Any CPU.ActiveCfg = Release|Any CPU
		{D933297E-A53A-4B0F-AE7B-966CE90623F3}.Release|Any CPU.Build.0 = Release|Any CPU
		{F9B4C222-386D-4A6E-B0B7-83720E60A5CD}.Debug|Any CPU.ActiveCfg = Debug|Any CPU
		{F9B4C222-386D-4A6E-B0B7-83720E60A5CD}.Debug|Any CPU.Build.0 = Debug|Any CPU
		{F9B4C222-386D-4A6E-B0B7-83720E60A5CD}.Release|Any CPU.ActiveCfg = Release|Any CPU
		{F9B4C222-386D-4A6E-B0B7-83720E60A5CD}.Release|Any CPU.Build.0 = Release|Any CPU
		{B00001DF-9264-4AF2-A6BD-8BBF49B2380E}.Debug|Any CPU.ActiveCfg = Debug|Any CPU
		{B00001DF-9264-4AF2-A6BD-8BBF49B2380E}.Debug|Any CPU.Build.0 = Debug|Any CPU
		{B00001DF-9264-4AF2-A6BD-8BBF49B2380E}.Release|Any CPU.ActiveCfg = Release|Any CPU
		{B00001DF-9264-4AF2-A6BD-8BBF49B2380E}.Release|Any CPU.Build.0 = Release|Any CPU
		{F8177DEE-ED72-4EF6-A1D5-2F4DDF55F044}.Debug|Any CPU.ActiveCfg = Debug|Any CPU
		{F8177DEE-ED72-4EF6-A1D5-2F4DDF55F044}.Debug|Any CPU.Build.0 = Debug|Any CPU
		{F8177DEE-ED72-4EF6-A1D5-2F4DDF55F044}.Release|Any CPU.ActiveCfg = Release|Any CPU
		{F8177DEE-ED72-4EF6-A1D5-2F4DDF55F044}.Release|Any CPU.Build.0 = Release|Any CPU
	EndGlobalSection
	GlobalSection(SolutionProperties) = preSolution
		HideSolutionNode = FALSE
	EndGlobalSection
	GlobalSection(NestedProjects) = preSolution
		{472A5549-1E9B-45E8-AD4B-67C8974910FF} = {F7238AB1-C7AD-42A6-ABC3-97CD5D6C61A2}
		{6BF663E8-36B2-46DF-8571-723F9AC4EC4F} = {F7238AB1-C7AD-42A6-ABC3-97CD5D6C61A2}
		{7CD296C7-A61C-4FA8-AD8A-5C7AA51BBED7} = {F7238AB1-C7AD-42A6-ABC3-97CD5D6C61A2}
		{32FA1933-2D4B-44E1-9F2C-224EEBC901F7} = {F7238AB1-C7AD-42A6-ABC3-97CD5D6C61A2}
		{7FD12750-1F7B-4715-B74E-13767108B1E2} = {32FA1933-2D4B-44E1-9F2C-224EEBC901F7}
		{DC56BA6A-664D-43D9-ACDC-3997FEC320D4} = {7CD296C7-A61C-4FA8-AD8A-5C7AA51BBED7}
		{D933297E-A53A-4B0F-AE7B-966CE90623F3} = {6BF663E8-36B2-46DF-8571-723F9AC4EC4F}
		{F9B4C222-386D-4A6E-B0B7-83720E60A5CD} = {6BF663E8-36B2-46DF-8571-723F9AC4EC4F}
		{B00001DF-9264-4AF2-A6BD-8BBF49B2380E} = {7CD296C7-A61C-4FA8-AD8A-5C7AA51BBED7}
		{F8177DEE-ED72-4EF6-A1D5-2F4DDF55F044} = {472A5549-1E9B-45E8-AD4B-67C8974910FF}
	EndGlobalSection
	GlobalSection(ExtensibilityGlobals) = postSolution
		SolutionGuid = {5B62FE16-2887-4363-AECA-8A9E0A780AD8}
	EndGlobalSection
EndGlobal
